
Microsoft Visual Studio Solution File, Format Version 12.00
# Visual Studio 2012
Project("{FAE04EC0-301F-11D3-BF4B-00C04F79EFBC}") = "SubStationBasicData.Web", "SubStationBasicData.Web\SubStationBasicData.Web.csproj", "{149DE95D-43EC-4F36-8C9F-B0A3870A03E9}"
EndProject
Project("{FAE04EC0-301F-11D3-BF4B-00C04F79EFBC}") = "SubStationBasicData.Infrastruture", "SubStationBasicData.Infrastruture\SubStationBasicData.Infrastruture.csproj", "{416A26B4-3CE0-441B-B8F7-87819514FE6D}"
EndProject
Project("{FAE04EC0-301F-11D3-BF4B-00C04F79EFBC}") = "SubStationBasicData.Service", "SubStationBasicData.Service\SubStationBasicData.Service.csproj", "{F67222F2-1091-4C94-BC7A-45BE07F01C24}"
EndProject
Global
	GlobalSection(SolutionConfigurationPlatforms) = preSolution
		Debug|Any CPU = Debug|Any CPU
		Release|Any CPU = Release|Any CPU
	EndGlobalSection
	GlobalSection(ProjectConfigurationPlatforms) = postSolution
		{149DE95D-43EC-4F36-8C9F-B0A3870A03E9}.Debug|Any CPU.ActiveCfg = Debug|Any CPU
		{149DE95D-43EC-4F36-8C9F-B0A3870A03E9}.Debug|Any CPU.Build.0 = Debug|Any CPU
		{149DE95D-43EC-4F36-8C9F-B0A3870A03E9}.Release|Any CPU.ActiveCfg = Release|Any CPU
		{149DE95D-43EC-4F36-8C9F-B0A3870A03E9}.Release|Any CPU.Build.0 = Release|Any CPU
		{416A26B4-3CE0-441B-B8F7-87819514FE6D}.Debug|Any CPU.ActiveCfg = Debug|Any CPU
		{416A26B4-3CE0-441B-B8F7-87819514FE6D}.Debug|Any CPU.Build.0 = Debug|Any CPU
		{416A26B4-3CE0-441B-B8F7-87819514FE6D}.Release|Any CPU.ActiveCfg = Release|Any CPU
		{416A26B4-3CE0-441B-B8F7-87819514FE6D}.Release|Any CPU.Build.0 = Release|Any CPU
		{F67222F2-1091-4C94-BC7A-45BE07F01C24}.Debug|Any CPU.ActiveCfg = Debug|Any CPU
		{F67222F2-1091-4C94-BC7A-45BE07F01C24}.Debug|Any CPU.Build.0 = Debug|Any CPU
		{F67222F2-1091-4C94-BC7A-45BE07F01C24}.Release|Any CPU.ActiveCfg = Release|Any CPU
		{F67222F2-1091-4C94-BC7A-45BE07F01C24}.Release|Any CPU.Build.0 = Release|Any CPU
	EndGlobalSection
	GlobalSection(SolutionProperties) = preSolution
		HideSolutionNode = FALSE
	EndGlobalSection
EndGlobal
